
Microsoft Visual Studio Solution File, Format Version 12.00
# Visual Studio Version 17
VisualStudioVersion = 17.2.32526.322
MinimumVisualStudioVersion = 10.0.40219.1
Project("{9A19103F-16F7-4668-BE54-9A1E7A4F7556}") = "Gomoku", "Gomoku\Gomoku.csproj", "{0337F057-9ED0-40AA-BBCA-ABBFA773BAAE}"
EndProject
Project("{FAE04EC0-301F-11D3-BF4B-00C04F79EFBC}") = "Gomoku.Tests", "Gomoku.Tests\Gomoku.Tests.csproj", "{9250FB52-2E2B-4FC1-B973-AA89CB6ED981}"
EndProject
Global
	GlobalSection(SolutionConfigurationPlatforms) = preSolution
		Debug|Any CPU = Debug|Any CPU
		Release|Any CPU = Release|Any CPU
	EndGlobalSection
	GlobalSection(ProjectConfigurationPlatforms) = postSolution
		{0337F057-9ED0-40AA-BBCA-ABBFA773BAAE}.Debug|Any CPU.ActiveCfg = Debug|Any CPU
		{0337F057-9ED0-40AA-BBCA-ABBFA773BAAE}.Debug|Any CPU.Build.0 = Debug|Any CPU
		{0337F057-9ED0-40AA-BBCA-ABBFA773BAAE}.Release|Any CPU.ActiveCfg = Release|Any CPU
		{0337F057-9ED0-40AA-BBCA-ABBFA773BAAE}.Release|Any CPU.Build.0 = Release|Any CPU
		{9250FB52-2E2B-4FC1-B973-AA89CB6ED981}.Debug|Any CPU.ActiveCfg = Debug|Any CPU
		{9250FB52-2E2B-4FC1-B973-AA89CB6ED981}.Debug|Any CPU.Build.0 = Debug|Any CPU
		{9250FB52-2E2B-4FC1-B973-AA89CB6ED981}.Release|Any CPU.ActiveCfg = Release|Any CPU
		{9250FB52-2E2B-4FC1-B973-AA89CB6ED981}.Release|Any CPU.Build.0 = Release|Any CPU
	EndGlobalSection
	GlobalSection(SolutionProperties) = preSolution
		HideSolutionNode = FALSE
	EndGlobalSection
	GlobalSection(ExtensibilityGlobals) = postSolution
		SolutionGuid = {A60684D8-D5B2-4FCE-B14E-4DAF8AF32334}
	EndGlobalSection
EndGlobal
